
Microsoft Visual Studio Solution File, Format Version 12.00
# Visual Studio Version 16
VisualStudioVersion = 16.0.30309.148
MinimumVisualStudioVersion = 10.0.40219.1
Project("{151D2E53-A2C4-4D7D-83FE-D05416EBD58E}") = "AzureResourceGroup-WebApp-Sql", "AzureResourceGroup-WebApp-Sql\AzureResourceGroup-WebApp-Sql.deployproj", "{7379E2AB-6605-464C-8F2D-EE5DD959F0AF}"
EndProject
Global
	GlobalSection(SolutionConfigurationPlatforms) = preSolution
		Debug|Any CPU = Debug|Any CPU
		Release|Any CPU = Release|Any CPU
	EndGlobalSection
	GlobalSection(ProjectConfigurationPlatforms) = postSolution
		{7379E2AB-6605-464C-8F2D-EE5DD959F0AF}.Debug|Any CPU.ActiveCfg = Debug|Any CPU
		{7379E2AB-6605-464C-8F2D-EE5DD959F0AF}.Debug|Any CPU.Build.0 = Debug|Any CPU
		{7379E2AB-6605-464C-8F2D-EE5DD959F0AF}.Release|Any CPU.ActiveCfg = Release|Any CPU
		{7379E2AB-6605-464C-8F2D-EE5DD959F0AF}.Release|Any CPU.Build.0 = Release|Any CPU
	EndGlobalSection
	GlobalSection(SolutionProperties) = preSolution
		HideSolutionNode = FALSE
	EndGlobalSection
	GlobalSection(ExtensibilityGlobals) = postSolution
		SolutionGuid = {F19970F2-0E4D-4124-9886-5DF790C05DC6}
	EndGlobalSection
EndGlobal
